PackratFormat: 1.4
PackratVersion: 0.5.0
RVersion: 3.5.3
Repos: CRAN=https://cran.rstudio.com/

Package: R6
Source: CRAN
Version: 2.4.0
Hash: 948a547c484e5bea15eee76cc53cce3f

Package: RColorBrewer
Source: CRAN
Version: 1.1-2
Hash: c0d56cd15034f395874c870141870c25

Package: Rcpp
Source: CRAN
Version: 1.0.1
Hash: 390ed5b5da840cec3e6f5c90c6ab23f7

Package: askpass
Source: CRAN
Version: 1.1
Hash: 6f6c430e3cd0dd7d48f447700f4d7e7f
Requires: sys

Package: assertthat
Source: CRAN
Version: 0.2.1
Hash: 622be49032fe50bd42e96aaef613e209

Package: backports
Source: CRAN
Version: 1.1.3
Hash: a0b8191e6bd2fe71aadd4678bb8f3c98

Package: brew
Source: CRAN
Version: 1.0-6
Hash: 931f9972deae0f205e1c78a51f33149b

Package: callr
Source: CRAN
Version: 3.2.0
Hash: a6f55e383e4a82bf953aa92136c18d58
Requires: R6, processx

Package: classInt
Source: CRAN
Version: 0.3-1
Hash: 4bd35fbd3fd8471463d4dbd54672a933
Requires: e1071

Package: cli
Source: CRAN
Version: 1.1.0
Hash: bc4e54014c2049f2605ad0c3ba0cce6b
Requires: assertthat, crayon

Package: clipr
Source: CRAN
Version: 0.5.0
Hash: 9d588163f9234a17c6ad03d148db999d

Package: clisymbols
Source: CRAN
Version: 1.2.0
Hash: a76a309884277a4fd8a5d741965fbef5

Package: colorspace
Source: CRAN
Version: 1.4-1
Hash: 60a56e9998b8b58ee378db3dc91b27a5

Package: commonmark
Source: CRAN
Version: 1.7
Hash: 77f4ba718e2bad1877ef26e48cf8fa43

Package: crayon
Source: CRAN
Version: 1.3.4
Hash: ff2840dd9b0d563fc80377a5a45510cd

Package: curl
Source: CRAN
Version: 3.3
Hash: b201f64e6e1469e8a3571c746ffa9059

Package: desc
Source: CRAN
Version: 1.2.0
Hash: a0a3ca939997679a52816bae4ed6aaae
Requires: R6, assertthat, crayon, rprojroot

Package: devtools
Source: CRAN
Version: 2.0.2
Hash: 9d0d6e31d44ffe876c3328fc444ae787
Requires: callr, cli, digest, git2r, httr, jsonlite, memoise, pkgbuild,
    pkgload, rcmdcheck, remotes, rstudioapi, sessioninfo, usethis,
    withr

Package: digest
Source: CRAN
Version: 0.6.18
Hash: 65f62365ec69ddd17230d2ffe891a6ab

Package: e1071
Source: CRAN
Version: 1.7-1
Hash: 338a8b3860235d0dea7173248d4e243b

Package: fansi
Source: CRAN
Version: 0.4.0
Hash: f147621f72b561485bfffcae78c4f5d5

Package: fs
Source: CRAN
Version: 1.2.7
Hash: 75da95493843a8fc15d6669baa4e6343
Requires: Rcpp

Package: ggplot2
Source: CRAN
Version: 3.1.1
Hash: 19338161a643b33ae5843574ecf0edd1
Requires: digest, gtable, lazyeval, mgcv, plyr, reshape2, rlang,
    scales, tibble, viridisLite, withr

Package: gh
Source: CRAN
Version: 1.0.1
Hash: 3f8812accd1320227d744bca620e8c42
Requires: httr, ini, jsonlite

Package: git2r
Source: CRAN
Version: 0.25.2
Hash: 95c91baea310d669c023627b454b5887

Package: glue
Source: CRAN
Version: 1.3.1
Hash: 660bbbe3803c7cf7c9489a7d99a9c0ed

Package: gtable
Source: CRAN
Version: 0.3.0
Hash: a9e7b0666eb933a0cb36779240b4462e

Package: httr
Source: CRAN
Version: 1.4.0
Hash: 62d62d3ffcc9a34411b6e35a813f72dd
Requires: R6, curl, jsonlite, mime, openssl

Package: ini
Source: CRAN
Version: 0.3.1
Hash: 9d6de5178c1cedabfb24e7d2acc9a092

Package: jsonlite
Source: CRAN
Version: 1.6
Hash: 5f969e213e966135393e3e304abf3f49

Package: labeling
Source: CRAN
Version: 0.3
Hash: ecf589b42cd284b03a4beb9665482d3e

Package: lazyeval
Source: CRAN
Version: 0.2.2
Hash: 563563691bea3cde6945a98996d7c166

Package: magrittr
Source: CRAN
Version: 1.5
Hash: bdc4d48c3135e8f3b399536ddf160df4

Package: memoise
Source: CRAN
Version: 1.1.0
Hash: 410fcd334bc626db100237cc1370f2e9
Requires: digest

Package: mgcv
Source: CRAN
Version: 1.8-28
Hash: 065e3500f08942b22db2ff1fab0008cd

Package: mime
Source: CRAN
Version: 0.6
Hash: 2ed8f98b8284ad733f3907fc6e2f1334

Package: munsell
Source: CRAN
Version: 0.5.0
Hash: 38d0efee9bb99bef143bde41c4ce715c
Requires: colorspace

Package: openssl
Source: CRAN
Version: 1.3
Hash: 7235e0ada86fbb386b7e2e3046cda46e
Requires: askpass

Package: packrat
Source: CRAN
Version: 0.5.0
Hash: 498643e765d1442ba7b1160a1df3abf9

Package: pillar
Source: CRAN
Version: 1.3.1
Hash: 9ed4c2a5d3047bfba3e852ad5e806d91
Requires: cli, crayon, fansi, rlang, utf8

Package: pkgbuild
Source: CRAN
Version: 1.0.3
Hash: 9e6684b6946aa7199348754fb6da94ce
Requires: R6, callr, cli, crayon, desc, prettyunits, rprojroot, withr

Package: pkgconfig
Source: CRAN
Version: 2.0.2
Hash: b0fd6ed908e150b77e5f00c6478bd58c

Package: pkgload
Source: CRAN
Version: 1.0.2
Hash: 41eb2db35be61f6f9e8864cf87a1ecb0
Requires: desc, pkgbuild, rlang, rprojroot, rstudioapi, withr

Package: plyr
Source: CRAN
Version: 1.8.4
Hash: 0ff259c7e21ac20a124869520e209d9f
Requires: Rcpp

Package: praise
Source: CRAN
Version: 1.0.0
Hash: 77da8f1df873a4b91e5c4a68fe2fb1b6

Package: prettyunits
Source: CRAN
Version: 1.0.2
Hash: 49286102a855640daaa38eafe8b1ec30
Requires: assertthat, magrittr

Package: processx
Source: CRAN
Version: 3.3.0
Hash: 89c6047da2d7dfad11bedd624252d78a
Requires: R6, ps

Package: ps
Source: CRAN
Version: 1.3.0
Hash: 1d4cae95887ffe5b1a22bea5994476cd

Package: purrr
Source: CRAN
Version: 0.3.2
Hash: d7bb7f62bb3af2d6510f50cb7190a060
Requires: magrittr, rlang

Package: rcmdcheck
Source: CRAN
Version: 1.3.2
Hash: 162a63e909423b7c5f44c30711135481
Requires: R6, callr, cli, crayon, desc, digest, pkgbuild, prettyunits,
    rprojroot, sessioninfo, withr, xopen

Package: remotes
Source: CRAN
Version: 2.0.3
Hash: d556c9e1b1d314b8e78b26ec8bff9e1b

Package: reshape2
Source: CRAN
Version: 1.4.3
Hash: 1331df4206d0207838eff5d4324f5919
Requires: Rcpp, plyr, stringr

Package: rlang
Source: CRAN
Version: 0.3.1
Hash: 1176a91e0c23d4fc8f48bc5704a6f826

Package: roxygen2
Source: CRAN
Version: 6.1.1
Hash: 17e7d5f731ad04292f1b8b616c83318b
Requires: R6, Rcpp, brew, commonmark, desc, digest, pkgload, purrr,
    stringi, stringr, xml2

Package: rpart
Source: CRAN
Version: 4.1-13
Hash: 1d1f155d009e010e7d6634a90a87cead

Package: rprojroot
Source: CRAN
Version: 1.3-2
Hash: a25c3f70c166fb3fbabc410eb32b6366
Requires: backports

Package: rstudioapi
Source: CRAN
Version: 0.10
Hash: 63f43c6ff14d92e1d65ca6c21d45a1eb

Package: scales
Source: CRAN
Version: 1.0.0
Hash: f1b117e6daa2bdfa11cc671133d8bdd4
Requires: R6, RColorBrewer, Rcpp, labeling, munsell, viridisLite

Package: sessioninfo
Source: CRAN
Version: 1.1.1
Hash: 9e50c8458e611f166ba702277cbb5096
Requires: cli, withr

Package: stringi
Source: CRAN
Version: 1.4.3
Hash: ed2a82fc7cc668c1345223d938cdfaf2

Package: stringr
Source: CRAN
Version: 1.4.0
Hash: 67da32dbb2a7a16f2ef124336358e54a
Requires: glue, magrittr, stringi

Package: sys
Source: CRAN
Version: 3.1
Hash: dc2a997b1b9a2d3f9c234491153cb951

Package: testthat
Source: CRAN
Version: 2.0.1
Hash: 777eb6e94f5a62bf6320fecf0175bbbb
Requires: R6, cli, crayon, digest, magrittr, praise, rlang, withr

Package: tibble
Source: CRAN
Version: 2.1.1
Hash: e9d844f966bd4d40556b50c3b2239646
Requires: cli, crayon, fansi, pillar, pkgconfig, rlang

Package: usethis
Source: CRAN
Version: 1.5.0
Hash: 56dfac7b823f31dede3b13a256d4e6f1
Requires: clipr, clisymbols, crayon, curl, desc, fs, gh, git2r, glue,
    purrr, rlang, rprojroot, rstudioapi, whisker, withr, yaml

Package: utf8
Source: CRAN
Version: 1.1.4
Hash: f3f97ce59092abc8ed3fd098a59e236c

Package: viridisLite
Source: CRAN
Version: 0.3.0
Hash: 78bb072c4f9e729a283d4c40ec93f9c6

Package: whisker
Source: CRAN
Version: 0.3-2
Hash: 803d662762e532705c2c066a82d066e7

Package: withr
Source: CRAN
Version: 2.1.2
Hash: d534108bcd5f34ec73e9eb523751ba20

Package: xml2
Source: CRAN
Version: 1.2.0
Hash: 6e643a368e9748966b96332eaa631411
Requires: Rcpp

Package: xopen
Source: CRAN
Version: 1.0.0
Hash: 22c2708f177f9fd9f8a52012bac61d6a
Requires: processx

Package: yaml
Source: CRAN
Version: 2.2.0
Hash: a5ad5616d83d89f8d84cbf3cf4034e13
